
Microsoft Visual Studio Solution File, Format Version 12.00
# Visual Studio Version 16
VisualStudioVersion = 16.0.29728.190
MinimumVisualStudioVersion = 10.0.40219.1
Project("{FAE04EC0-301F-11D3-BF4B-00C04F79EFBC}") = "CricPanda", "CricPanda\CricPanda.csproj", "{1E0503F8-EA46-4A27-82DE-D66FBF768957}"
EndProject
Global
	GlobalSection(SolutionConfigurationPlatforms) = preSolution
		Debug|Any CPU = Debug|Any CPU
		Release|Any CPU = Release|Any CPU
	EndGlobalSection
	GlobalSection(ProjectConfigurationPlatforms) = postSolution
		{1E0503F8-EA46-4A27-82DE-D66FBF768957}.Debug|Any CPU.ActiveCfg = Debug|Any CPU
		{1E0503F8-EA46-4A27-82DE-D66FBF768957}.Debug|Any CPU.Build.0 = Debug|Any CPU
		{1E0503F8-EA46-4A27-82DE-D66FBF768957}.Release|Any CPU.ActiveCfg = Release|Any CPU
		{1E0503F8-EA46-4A27-82DE-D66FBF768957}.Release|Any CPU.Build.0 = Release|Any CPU
	EndGlobalSection
	GlobalSection(SolutionProperties) = preSolution
		HideSolutionNode = FALSE
	EndGlobalSection
	GlobalSection(ExtensibilityGlobals) = postSolution
		SolutionGuid = {104440B7-3364-48EB-9CB0-A75D5BD5914B}
	EndGlobalSection
EndGlobal
